// !$*UTF8*$!
{
	archiveVersion = 1;
	classes = {
	};
	objectVersion = 46;
	objects = {

/* Begin PBXBuildFile section */
		8AE46EF19AA6DAFDCA4D0C72 /* libPods-PhotoAppTests.a in Frameworks */ = {isa = PBXBuildFile; fileRef = CB5FE6461D0557DF2F2A4D4B /* libPods-PhotoAppTests.a */; };
		962EC6A7019E696303D2237D /* libPods-PhotoAppUITests.a in Frameworks */ = {isa = PBXBuildFile; fileRef = 823CF65C928B576FA33B0268 /* libPods-PhotoAppUITests.a */; };
		99884C2304D44E1071FD41D3 /* libPods-PhotoApp.a in Frameworks */ = {isa = PBXBuildFile; fileRef = 5EE5283766ED9F64B2424EC0 /* libPods-PhotoApp.a */; };
		C840ABCE1D4CD7480082CA44 /* main.m in Sources */ = {isa = PBXBuildFile; fileRef = C840ABCD1D4CD7480082CA44 /* main.m */; };
		C840ABD11D4CD7480082CA44 /* AppDelegate.m in Sources */ = {isa = PBXBuildFile; fileRef = C840ABD01D4CD7480082CA44 /* AppDelegate.m */; };
		C840ABD41D4CD7480082CA44 /* FirstViewController.m in Sources */ = {isa = PBXBuildFile; fileRef = C840ABD31D4CD7480082CA44 /* FirstViewController.m */; };
		C840ABD71D4CD7480082CA44 /* SecondViewController.m in Sources */ = {isa = PBXBuildFile; fileRef = C840ABD61D4CD7480082CA44 /* SecondViewController.m */; };
		C840ABDC1D4CD7480082CA44 /* Assets.xcassets in Resources */ = {isa = PBXBuildFile; fileRef = C840ABDB1D4CD7480082CA44 /* Assets.xcassets */; };
		C840ABDF1D4CD7480082CA44 /* LaunchScreen.storyboard in Resources */ = {isa = PBXBuildFile; fileRef = C840ABDD1D4CD7480082CA44 /* LaunchScreen.storyboard */; };
		C840ABEA1D4CD7480082CA44 /* PhotoAppTests.m in Sources */ = {isa = PBXBuildFile; fileRef = C840ABE91D4CD7480082CA44 /* PhotoAppTests.m */; };
		C840ABF51D4CD7480082CA44 /* PhotoAppUITests.m in Sources */ = {isa = PBXBuildFile; fileRef = C840ABF41D4CD7480082CA44 /* PhotoAppUITests.m */; };
		C840AC391D4FA44F0082CA44 /* GoogleService-Info.plist in Resources */ = {isa = PBXBuildFile; fileRef = C840AC381D4FA44F0082CA44 /* GoogleService-Info.plist */; };
		C8B49BCB1D551BCB0054026E /* DAO.m in Sources */ = {isa = PBXBuildFile; fileRef = C8B49BCA1D551BCB0054026E /* DAO.m */; };
		C8B49BCF1D5804180054026E /* Post.m in Sources */ = {isa = PBXBuildFile; fileRef = C8B49BCE1D5804180054026E /* Post.m */; };
		C8B49BD21D58E1D10054026E /* ProductCell.m in Sources */ = {isa = PBXBuildFile; fileRef = C8B49BD11D58E1D10054026E /* ProductCell.m */; };
		C8B49BD51D5920F10054026E /* PostDetailController.m in Sources */ = {isa = PBXBuildFile; fileRef = C8B49BD41D5920F10054026E /* PostDetailController.m */; };
		C8B49BD71D59212F0054026E /* PostDetailController.xib in Resources */ = {isa = PBXBuildFile; fileRef = C8B49BD61D59212F0054026E /* PostDetailController.xib */; };
		C8B49BD91D59609B0054026E /* icn_like.pdf in Resources */ = {isa = PBXBuildFile; fileRef = C8B49BD81D59609B0054026E /* icn_like.pdf */; };
		C8B49BE01D59BD350054026E /* ASFSharedViewTransition.m in Sources */ = {isa = PBXBuildFile; fileRef = C8B49BDF1D59BD350054026E /* ASFSharedViewTransition.m */; };
		C8B49BE11D59C3770054026E /* ASFSharedViewTransition.h in Sources */ = {isa = PBXBuildFile; fileRef = C8B49BDE1D59BD350054026E /* ASFSharedViewTransition.h */; };
		C8B49BE21D59C38D0054026E /* AppDelegate.h in Sources */ = {isa = PBXBuildFile; fileRef = C840ABCF1D4CD7480082CA44 /* AppDelegate.h */; };
		C8E2A7F61D5A804C00E71755 /* Main.storyboard in Resources */ = {isa = PBXBuildFile; fileRef = C8E2A7F41D5A804C00E71755 /* Main.storyboard */; };
		C8E2A7F81D5A94DD00E71755 /* AssetsLibrary.framework in Frameworks */ = {isa = PBXBuildFile; fileRef = C8E2A7F71D5A94DD00E71755 /* AssetsLibrary.framework */; };
/* End PBXBuildFile section */

/* Begin PBXContainerItemProxy section */
		C840ABE61D4CD7480082CA44 /* PBXContainerItemProxy */ = {
			isa = PBXContainerItemProxy;
			containerPortal = C840ABC11D4CD7470082CA44 /* Project object */;
			proxyType = 1;
			remoteGlobalIDString = C840ABC81D4CD7470082CA44;
			remoteInfo = PhotoApp;
		};
		C840ABF11D4CD7480082CA44 /* PBXContainerItemProxy */ = {
			isa = PBXContainerItemProxy;
			containerPortal = C840ABC11D4CD7470082CA44 /* Project object */;
			proxyType = 1;
			remoteGlobalIDString = C840ABC81D4CD7470082CA44;
			remoteInfo = PhotoApp;
		};
/* End PBXContainerItemProxy section */

/* Begin PBXFileReference section */
		109E36F0F9F3B5FD318AAC03 /* Pods-PhotoAppUITests.release.xcconfig */ = {isa = PBXFileReference; includeInIndex = 1; lastKnownFileType = text.xcconfig; name = "Pods-PhotoAppUITests.release.xcconfig"; path = "Pods/Target Support Files/Pods-PhotoAppUITests/Pods-PhotoAppUITests.release.xcconfig"; sourceTree = "<group>"; };
		23D4409646F64B14E25F4D30 /* Pods-PhotoAppUITests.debug.xcconfig */ = {isa = PBXFileReference; includeInIndex = 1; lastKnownFileType = text.xcconfig; name = "Pods-PhotoAppUITests.debug.xcconfig"; path = "Pods/Target Support Files/Pods-PhotoAppUITests/Pods-PhotoAppUITests.debug.xcconfig"; sourceTree = "<group>"; };
		2C896E790185C830FBC07896 /* Pods-PhotoApp.release.xcconfig */ = {isa = PBXFileReference; includeInIndex = 1; lastKnownFileType = text.xcconfig; name = "Pods-PhotoApp.release.xcconfig"; path = "Pods/Target Support Files/Pods-PhotoApp/Pods-PhotoApp.release.xcconfig"; sourceTree = "<group>"; };
		5EE5283766ED9F64B2424EC0 /* libPods-PhotoApp.a */ = {isa = PBXFileReference; explicitFileType = archive.ar; includeInIndex = 0; path = "libPods-PhotoApp.a"; sourceTree = BUILT_PRODUCTS_DIR; };
		823CF65C928B576FA33B0268 /* libPods-PhotoAppUITests.a */ = {isa = PBXFileReference; explicitFileType = archive.ar; includeInIndex = 0; path = "libPods-PhotoAppUITests.a"; sourceTree = BUILT_PRODUCTS_DIR; };
		9B796CC03FA15F135F3CB53B /* Pods-PhotoApp.debug.xcconfig */ = {isa = PBXFileReference; includeInIndex = 1; lastKnownFileType = text.xcconfig; name = "Pods-PhotoApp.debug.xcconfig"; path = "Pods/Target Support Files/Pods-PhotoApp/Pods-PhotoApp.debug.xcconfig"; sourceTree = "<group>"; };
		A4CF98DA5A1BC6CCD5EAD0F0 /* Pods-PhotoAppTests.release.xcconfig */ = {isa = PBXFileReference; includeInIndex = 1; lastKnownFileType = text.xcconfig; name = "Pods-PhotoAppTests.release.xcconfig"; path = "Pods/Target Support Files/Pods-PhotoAppTests/Pods-PhotoAppTests.release.xcconfig"; sourceTree = "<group>"; };
		C840ABC91D4CD7470082CA44 /* PhotoApp.app */ = {isa = PBXFileReference; explicitFileType = wrapper.application; includeInIndex = 0; path = PhotoApp.app; sourceTree = BUILT_PRODUCTS_DIR; };
		C840ABCD1D4CD7480082CA44 /* main.m */ = {isa = PBXFileReference; lastKnownFileType = sourcecode.c.objc; path = main.m; sourceTree = "<group>"; };
		C840ABCF1D4CD7480082CA44 /* AppDelegate.h */ = {isa = PBXFileReference; lastKnownFileType = sourcecode.c.h; path = AppDelegate.h; sourceTree = "<group>"; };
		C840ABD01D4CD7480082CA44 /* AppDelegate.m */ = {isa = PBXFileReference; lastKnownFileType = sourcecode.c.objc; path = AppDelegate.m; sourceTree = "<group>"; };
		C840ABD21D4CD7480082CA44 /* FirstViewController.h */ = {isa = PBXFileReference; lastKnownFileType = sourcecode.c.h; path = FirstViewController.h; sourceTree = "<group>"; };
		C840ABD31D4CD7480082CA44 /* FirstViewController.m */ = {isa = PBXFileReference; lastKnownFileType = sourcecode.c.objc; path = FirstViewController.m; sourceTree = "<group>"; };
		C840ABD51D4CD7480082CA44 /* SecondViewController.h */ = {isa = PBXFileReference; lastKnownFileType = sourcecode.c.h; path = SecondViewController.h; sourceTree = "<group>"; };
		C840ABD61D4CD7480082CA44 /* SecondViewController.m */ = {isa = PBXFileReference; lastKnownFileType = sourcecode.c.objc; path = SecondViewController.m; sourceTree = "<group>"; };
		C840ABDB1D4CD7480082CA44 /* Assets.xcassets */ = {isa = PBXFileReference; lastKnownFileType = folder.assetcatalog; path = Assets.xcassets; sourceTree = "<group>"; };
		C840ABDE1D4CD7480082CA44 /* Base */ = {isa = PBXFileReference; lastKnownFileType = file.storyboard; name = Base; path = Base.lproj/LaunchScreen.storyboard; sourceTree = "<group>"; };
		C840ABE01D4CD7480082CA44 /* Info.plist */ = {isa = PBXFileReference; lastKnownFileType = text.plist.xml; path = Info.plist; sourceTree = "<group>"; };
		C840ABE51D4CD7480082CA44 /* PhotoAppTests.xctest */ = {isa = PBXFileReference; explicitFileType = wrapper.cfbundle; includeInIndex = 0; path = PhotoAppTests.xctest; sourceTree = BUILT_PRODUCTS_DIR; };
		C840ABE91D4CD7480082CA44 /* PhotoAppTests.m */ = {isa = PBXFileReference; lastKnownFileType = sourcecode.c.objc; path = PhotoAppTests.m; sourceTree = "<group>"; };
		C840ABEB1D4CD7480082CA44 /* Info.plist */ = {isa = PBXFileReference; lastKnownFileType = text.plist.xml; path = Info.plist; sourceTree = "<group>"; };
		C840ABF01D4CD7480082CA44 /* PhotoAppUITests.xctest */ = {isa = PBXFileReference; explicitFileType = wrapper.cfbundle; includeInIndex = 0; path = PhotoAppUITests.xctest; sourceTree = BUILT_PRODUCTS_DIR; };
		C840ABF41D4CD7480082CA44 /* PhotoAppUITests.m */ = {isa = PBXFileReference; lastKnownFileType = sourcecode.c.objc; path = PhotoAppUITests.m; sourceTree = "<group>"; };
		C840ABF61D4CD7480082CA44 /* Info.plist */ = {isa = PBXFileReference; lastKnownFileType = text.plist.xml; path = Info.plist; sourceTree = "<group>"; };
		C840AC381D4FA44F0082CA44 /* GoogleService-Info.plist */ = {isa = PBXFileReference; fileEncoding = 4; lastKnownFileType = text.plist.xml; path = "GoogleService-Info.plist"; sourceTree = "<group>"; };
		C8B49BC91D551BCB0054026E /* DAO.h */ = {isa = PBXFileReference; fileEncoding = 4; lastKnownFileType = sourcecode.c.h; path = DAO.h; sourceTree = "<group>"; };
		C8B49BCA1D551BCB0054026E /* DAO.m */ = {isa = PBXFileReference; fileEncoding = 4; lastKnownFileType = sourcecode.c.objc; path = DAO.m; sourceTree = "<group>"; };
		C8B49BCD1D5804180054026E /* Post.h */ = {isa = PBXFileReference; fileEncoding = 4; lastKnownFileType = sourcecode.c.h; path = Post.h; sourceTree = "<group>"; };
		C8B49BCE1D5804180054026E /* Post.m */ = {isa = PBXFileReference; fileEncoding = 4; lastKnownFileType = sourcecode.c.objc; path = Post.m; sourceTree = "<group>"; };
		C8B49BD01D58E1D10054026E /* ProductCell.h */ = {isa = PBXFileReference; fileEncoding = 4; lastKnownFileType = sourcecode.c.h; path = ProductCell.h; sourceTree = "<group>"; };
		C8B49BD11D58E1D10054026E /* ProductCell.m */ = {isa = PBXFileReference; fileEncoding = 4; lastKnownFileType = sourcecode.c.objc; path = ProductCell.m; sourceTree = "<group>"; };
		C8B49BD31D5920F10054026E /* PostDetailController.h */ = {isa = PBXFileReference; fileEncoding = 4; lastKnownFileType = sourcecode.c.h; path = PostDetailController.h; sourceTree = "<group>"; };
		C8B49BD41D5920F10054026E /* PostDetailController.m */ = {isa = PBXFileReference; fileEncoding = 4; lastKnownFileType = sourcecode.c.objc; path = PostDetailController.m; sourceTree = "<group>"; };
		C8B49BD61D59212F0054026E /* PostDetailController.xib */ = {isa = PBXFileReference; fileEncoding = 4; lastKnownFileType = file.xib; path = PostDetailController.xib; sourceTree = "<group>"; };
		C8B49BD81D59609B0054026E /* icn_like.pdf */ = {isa = PBXFileReference; lastKnownFileType = image.pdf; path = icn_like.pdf; sourceTree = "<group>"; };
		C8B49BDE1D59BD350054026E /* ASFSharedViewTransition.h */ = {isa = PBXFileReference; fileEncoding = 4; lastKnownFileType = sourcecode.c.h; path = ASFSharedViewTransition.h; sourceTree = "<group>"; };
		C8B49BDF1D59BD350054026E /* ASFSharedViewTransition.m */ = {isa = PBXFileReference; fileEncoding = 4; lastKnownFileType = sourcecode.c.objc; path = ASFSharedViewTransition.m; sourceTree = "<group>"; };
		C8E2A7F51D5A804C00E71755 /* Base */ = {isa = PBXFileReference; lastKnownFileType = file.storyboard; name = Base; path = PhotoApp/PhotoApp/PhotoApp/PhotoApp/PhotoApp/PhotoApp/PhotoApp/PhotoApp/PhotoApp/PhotoApp/PhotoApp/PhotoApp/PhotoApp/PhotoApp/PhotoApp/PhotoApp/PhotoApp/PhotoApp/PhotoApp/PhotoApp/PhotoApp/PhotoApp/PhotoApp/PhotoApp/PhotoApp/PhotoApp/PhotoApp/PhotoApp/PhotoApp/PhotoApp/PhotoApp/PhotoApp/PhotoApp/PhotoApp/PhotoApp/PhotoApp/PhotoApp/PhotoApp/PhotoApp/PhotoApp/PhotoApp/PhotoApp/PhotoApp/PhotoApp/PhotoApp/PhotoApp/PhotoApp/PhotoApp/PhotoApp/PhotoApp/PhotoApp/PhotoApp/PhotoApp/PhotoApp/PhotoApp/PhotoApp/PhotoApp/PhotoApp/PhotoApp/PhotoApp/PhotoApp/PhotoApp/PhotoApp/PhotoApp/PhotoApp/PhotoApp/PhotoApp/PhotoApp/PhotoApp/PhotoApp/PhotoApp/PhotoApp/PhotoApp/PhotoApp/PhotoApp/PhotoApp/PhotoApp/PhotoApp/PhotoApp/PhotoApp/PhotoApp/PhotoApp/PhotoApp/PhotoApp/PhotoApp/PhotoApp/PhotoApp/PhotoApp/PhotoApp/Base.lproj/Main.storyboard; sourceTree = "<group>"; };
		C8E2A7F71D5A94DD00E71755 /* AssetsLibrary.framework */ = {isa = PBXFileReference; lastKnownFileType = wrapper.framework; name = AssetsLibrary.framework; path = System/Library/Frameworks/AssetsLibrary.framework; sourceTree = SDKROOT; };
		CB5FE6461D0557DF2F2A4D4B /* libPods-PhotoAppTests.a */ = {isa = PBXFileReference; explicitFileType = archive.ar; includeInIndex = 0; path = "libPods-PhotoAppTests.a"; sourceTree = BUILT_PRODUCTS_DIR; };
		CCE30E087127D49969284F5D /* Pods-PhotoAppTests.debug.xcconfig */ = {isa = PBXFileReference; includeInIndex = 1; lastKnownFileType = text.xcconfig; name = "Pods-PhotoAppTests.debug.xcconfig"; path = "Pods/Target Support Files/Pods-PhotoAppTests/Pods-PhotoAppTests.debug.xcconfig"; sourceTree = "<group>"; };
/* End PBXFileReference section */

/* Begin PBXFrameworksBuildPhase section */
		C840ABC61D4CD7470082CA44 /* Frameworks */ = {
			isa = PBXFrameworksBuildPhase;
			buildActionMask = 2147483647;
			files = (
				C8E2A7F81D5A94DD00E71755 /* AssetsLibrary.framework in Frameworks */,
				99884C2304D44E1071FD41D3 /* libPods-PhotoApp.a in Frameworks */,
			);
			runOnlyForDeploymentPostprocessing = 0;
		};
		C840ABE21D4CD7480082CA44 /* Frameworks */ = {
			isa = PBXFrameworksBuildPhase;
			buildActionMask = 2147483647;
			files = (
				8AE46EF19AA6DAFDCA4D0C72 /* libPods-PhotoAppTests.a in Frameworks */,
			);
			runOnlyForDeploymentPostprocessing = 0;
		};
		C840ABED1D4CD7480082CA44 /* Frameworks */ = {
			isa = PBXFrameworksBuildPhase;
			buildActionMask = 2147483647;
			files = (
				962EC6A7019E696303D2237D /* libPods-PhotoAppUITests.a in Frameworks */,
			);
			runOnlyForDeploymentPostprocessing = 0;
		};
/* End PBXFrameworksBuildPhase section */

/* Begin PBXGroup section */
		65B0B5DEF707BA999ECB6F4E /* Pods */ = {
			isa = PBXGroup;
			children = (
				9B796CC03FA15F135F3CB53B /* Pods-PhotoApp.debug.xcconfig */,
				2C896E790185C830FBC07896 /* Pods-PhotoApp.release.xcconfig */,
				CCE30E087127D49969284F5D /* Pods-PhotoAppTests.debug.xcconfig */,
				A4CF98DA5A1BC6CCD5EAD0F0 /* Pods-PhotoAppTests.release.xcconfig */,
				23D4409646F64B14E25F4D30 /* Pods-PhotoAppUITests.debug.xcconfig */,
				109E36F0F9F3B5FD318AAC03 /* Pods-PhotoAppUITests.release.xcconfig */,
			);
			name = Pods;
			sourceTree = "<group>";
		};
		C840ABC01D4CD7470082CA44 = {
			isa = PBXGroup;
			children = (
				C8B49BD81D59609B0054026E /* icn_like.pdf */,
				C840ABCB1D4CD7480082CA44 /* PhotoApp */,
				C840ABE81D4CD7480082CA44 /* PhotoAppTests */,
				C840ABF31D4CD7480082CA44 /* PhotoAppUITests */,
				C840ABCA1D4CD7470082CA44 /* Products */,
				65B0B5DEF707BA999ECB6F4E /* Pods */,
				D70BB316D65657C177E9E682 /* Frameworks */,
			);
			sourceTree = "<group>";
		};
		C840ABCA1D4CD7470082CA44 /* Products */ = {
			isa = PBXGroup;
			children = (
				C840ABC91D4CD7470082CA44 /* PhotoApp.app */,
				C840ABE51D4CD7480082CA44 /* PhotoAppTests.xctest */,
				C840ABF01D4CD7480082CA44 /* PhotoAppUITests.xctest */,
			);
			name = Products;
			sourceTree = "<group>";
		};
		C840ABCB1D4CD7480082CA44 /* PhotoApp */ = {
			isa = PBXGroup;
			children = (
				C840ABCF1D4CD7480082CA44 /* AppDelegate.h */,
				C840ABD01D4CD7480082CA44 /* AppDelegate.m */,
				C8B49BCD1D5804180054026E /* Post.h */,
				C8B49BCE1D5804180054026E /* Post.m */,
				C8B49BD01D58E1D10054026E /* ProductCell.h */,
				C8B49BD11D58E1D10054026E /* ProductCell.m */,
				C840ABD21D4CD7480082CA44 /* FirstViewController.h */,
				C840ABD31D4CD7480082CA44 /* FirstViewController.m */,
				C840ABD51D4CD7480082CA44 /* SecondViewController.h */,
				C840ABD61D4CD7480082CA44 /* SecondViewController.m */,
				C8B49BD31D5920F10054026E /* PostDetailController.h */,
				C8B49BD41D5920F10054026E /* PostDetailController.m */,
				C8B49BD61D59212F0054026E /* PostDetailController.xib */,
				C8B49BC91D551BCB0054026E /* DAO.h */,
				C8B49BCA1D551BCB0054026E /* DAO.m */,
				C840ABDB1D4CD7480082CA44 /* Assets.xcassets */,
				C8E2A7F41D5A804C00E71755 /* Main.storyboard */,
				C840ABDD1D4CD7480082CA44 /* LaunchScreen.storyboard */,
				C840AC381D4FA44F0082CA44 /* GoogleService-Info.plist */,
				C840ABE01D4CD7480082CA44 /* Info.plist */,
				C840ABCC1D4CD7480082CA44 /* Supporting Files */,
			);
			path = PhotoApp;
			sourceTree = "<group>";
		};
		C840ABCC1D4CD7480082CA44 /* Supporting Files */ = {
			isa = PBXGroup;
			children = (
				C8B49BDE1D59BD350054026E /* ASFSharedViewTransition.h */,
				C8B49BDF1D59BD350054026E /* ASFSharedViewTransition.m */,
				C840ABCD1D4CD7480082CA44 /* main.m */,
			);
			name = "Supporting Files";
			sourceTree = "<group>";
		};
		C840ABE81D4CD7480082CA44 /* PhotoAppTests */ = {
			isa = PBXGroup;
			children = (
				C840ABE91D4CD7480082CA44 /* PhotoAppTests.m */,
				C840ABEB1D4CD7480082CA44 /* Info.plist */,
			);
			path = PhotoAppTests;
			sourceTree = "<group>";
		};
		C840ABF31D4CD7480082CA44 /* PhotoAppUITests */ = {
			isa = PBXGroup;
			children = (
				C840ABF41D4CD7480082CA44 /* PhotoAppUITests.m */,
				C840ABF61D4CD7480082CA44 /* Info.plist */,
			);
			path = PhotoAppUITests;
			sourceTree = "<group>";
		};
		D70BB316D65657C177E9E682 /* Frameworks */ = {
			isa = PBXGroup;
			children = (
				C8E2A7F71D5A94DD00E71755 /* AssetsLibrary.framework */,
				5EE5283766ED9F64B2424EC0 /* libPods-PhotoApp.a */,
				CB5FE6461D0557DF2F2A4D4B /* libPods-PhotoAppTests.a */,
				823CF65C928B576FA33B0268 /* libPods-PhotoAppUITests.a */,
			);
			name = Frameworks;
			sourceTree = "<group>";
		};
/* End PBXGroup section */

/* Begin PBXNativeTarget section */
		C840ABC81D4CD7470082CA44 /* PhotoApp */ = {
			isa = PBXNativeTarget;
			buildConfigurationList = C840ABF91D4CD7480082CA44 /* Build configuration list for PBXNativeTarget "PhotoApp" */;
			buildPhases = (
				6008B3BB5A13CD817D2C1C61 /* [CP] Check Pods Manifest.lock */,
				C840ABC51D4CD7470082CA44 /* Sources */,
				C840ABC61D4CD7470082CA44 /* Frameworks */,
				C840ABC71D4CD7470082CA44 /* Resources */,
				92CC5ECC9BF04C07D41FB487 /* [CP] Embed Pods Frameworks */,
				17EB998096AEF275CADE9159 /* [CP] Copy Pods Resources */,
			);
			buildRules = (
			);
			dependencies = (
			);
			name = PhotoApp;
			productName = PhotoApp;
			productReference = C840ABC91D4CD7470082CA44 /* PhotoApp.app */;
			productType = "com.apple.product-type.application";
		};
		C840ABE41D4CD7480082CA44 /* PhotoAppTests */ = {
			isa = PBXNativeTarget;
			buildConfigurationList = C840ABFC1D4CD7480082CA44 /* Build configuration list for PBXNativeTarget "PhotoAppTests" */;
			buildPhases = (
				4A911DDEDC526C6B1223674E /* [CP] Check Pods Manifest.lock */,
				C840ABE11D4CD7480082CA44 /* Sources */,
				C840ABE21D4CD7480082CA44 /* Frameworks */,
				C840ABE31D4CD7480082CA44 /* Resources */,
				FEB273EFAABD0AC8A27A989D /* [CP] Embed Pods Frameworks */,
				E9C13B12433B97416787E57A /* [CP] Copy Pods Resources */,
			);
			buildRules = (
			);
			dependencies = (
				C840ABE71D4CD7480082CA44 /* PBXTargetDependency */,
			);
			name = PhotoAppTests;
			productName = PhotoAppTests;
			productReference = C840ABE51D4CD7480082CA44 /* PhotoAppTests.xctest */;
			productType = "com.apple.product-type.bundle.unit-test";
		};
		C840ABEF1D4CD7480082CA44 /* PhotoAppUITests */ = {
			isa = PBXNativeTarget;
			buildConfigurationList = C840ABFF1D4CD7480082CA44 /* Build configuration list for PBXNativeTarget "PhotoAppUITests" */;
			buildPhases = (
				97B44D03CEF87A4C08DC3767 /* [CP] Check Pods Manifest.lock */,
				C840ABEC1D4CD7480082CA44 /* Sources */,
				C840ABED1D4CD7480082CA44 /* Frameworks */,
				C840ABEE1D4CD7480082CA44 /* Resources */,
				D28A0412CFEB3A510868A902 /* [CP] Copy Pods Resources */,
			);
			buildRules = (
			);
			dependencies = (
				C840ABF21D4CD7480082CA44 /* PBXTargetDependency */,
			);
			name = PhotoAppUITests;
			productName = PhotoAppUITests;
			productReference = C840ABF01D4CD7480082CA44 /* PhotoAppUITests.xctest */;
			productType = "com.apple.product-type.bundle.ui-testing";
		};
/* End PBXNativeTarget section */

/* Begin PBXProject section */
		C840ABC11D4CD7470082CA44 /* Project object */ = {
			isa = PBXProject;
			attributes = {
				LastUpgradeCheck = 0730;
				ORGANIZATIONNAME = "Turn To Tech";
				TargetAttributes = {
					C840ABC81D4CD7470082CA44 = {
						CreatedOnToolsVersion = 7.3;
						DevelopmentTeam = 5MLP2Y9S77;
					};
					C840ABE41D4CD7480082CA44 = {
						CreatedOnToolsVersion = 7.3;
						TestTargetID = C840ABC81D4CD7470082CA44;
					};
					C840ABEF1D4CD7480082CA44 = {
						CreatedOnToolsVersion = 7.3;
						TestTargetID = C840ABC81D4CD7470082CA44;
					};
				};
			};
			buildConfigurationList = C840ABC41D4CD7470082CA44 /* Build configuration list for PBXProject "PhotoApp" */;
			compatibilityVersion = "Xcode 3.2";
			developmentRegion = English;
			hasScannedForEncodings = 0;
			knownRegions = (
				en,
				Base,
			);
			mainGroup = C840ABC01D4CD7470082CA44;
			productRefGroup = C840ABCA1D4CD7470082CA44 /* Products */;
			projectDirPath = "";
			projectRoot = "";
			targets = (
				C840ABC81D4CD7470082CA44 /* PhotoApp */,
				C840ABE41D4CD7480082CA44 /* PhotoAppTests */,
				C840ABEF1D4CD7480082CA44 /* PhotoAppUITests */,
			);
		};
/* End PBXProject section */

/* Begin PBXResourcesBuildPhase section */
		C840ABC71D4CD7470082CA44 /* Resources */ = {
			isa = PBXResourcesBuildPhase;
			buildActionMask = 2147483647;
			files = (
				C840ABDF1D4CD7480082CA44 /* LaunchScreen.storyboard in Resources */,
				C8B49BD71D59212F0054026E /* PostDetailController.xib in Resources */,
				C840AC391D4FA44F0082CA44 /* GoogleService-Info.plist in Resources */,
				C8E2A7F61D5A804C00E71755 /* Main.storyboard in Resources */,
				C840ABDC1D4CD7480082CA44 /* Assets.xcassets in Resources */,
				C8B49BD91D59609B0054026E /* icn_like.pdf in Resources */,
			);
			runOnlyForDeploymentPostprocessing = 0;
		};
		C840ABE31D4CD7480082CA44 /* Resources */ = {
			isa = PBXResourcesBuildPhase;
			buildActionMask = 2147483647;
			files = (
			);
			runOnlyForDeploymentPostprocessing = 0;
		};
		C840ABEE1D4CD7480082CA44 /* Resources */ = {
			isa = PBXResourcesBuildPhase;
			buildActionMask = 2147483647;
			files = (
			);
			runOnlyForDeploymentPostprocessing = 0;
		};
/* End PBXResourcesBuildPhase section */

/* Begin PBXShellScriptBuildPhase section */
		17EB998096AEF275CADE9159 /* [CP] Copy Pods Resources */ = {
			isa = PBXShellScriptBuildPhase;
			buildActionMask = 2147483647;
			files = (
			);
			inputPaths = (
			);
			name = "[CP] Copy Pods Resources";
			outputPaths = (
			);
			runOnlyForDeploymentPostprocessing = 0;
			shellPath = /bin/sh;
			shellScript = "\"${SRCROOT}/Pods/Target Support Files/Pods-PhotoApp/Pods-PhotoApp-resources.sh\"\n";
			showEnvVarsInLog = 0;
		};
		4A911DDEDC526C6B1223674E /* [CP] Check Pods Manifest.lock */ = {
			isa = PBXShellScriptBuildPhase;
			buildActionMask = 2147483647;
			files = (
			);
			inputPaths = (
			);
			name = "[CP] Check Pods Manifest.lock";
			outputPaths = (
			);
			runOnlyForDeploymentPostprocessing = 0;
			shellPath = /bin/sh;
			shellScript = "diff \"${PODS_ROOT}/../Podfile.lock\" \"${PODS_ROOT}/Manifest.lock\" > /dev/null\nif [[ $? != 0 ]] ; then\n    cat << EOM\nerror: The sandbox is not in sync with the Podfile.lock. Run 'pod install' or update your CocoaPods installation.\nEOM\n    exit 1\nfi\n";
			showEnvVarsInLog = 0;
		};
		6008B3BB5A13CD817D2C1C61 /* [CP] Check Pods Manifest.lock */ = {
			isa = PBXShellScriptBuildPhase;
			buildActionMask = 2147483647;
			files = (
			);
			inputPaths = (
			);
			name = "[CP] Check Pods Manifest.lock";
			outputPaths = (
			);
			runOnlyForDeploymentPostprocessing = 0;
			shellPath = /bin/sh;
			shellScript = "diff \"${PODS_ROOT}/../Podfile.lock\" \"${PODS_ROOT}/Manifest.lock\" > /dev/null\nif [[ $? != 0 ]] ; then\n    cat << EOM\nerror: The sandbox is not in sync with the Podfile.lock. Run 'pod install' or update your CocoaPods installation.\nEOM\n    exit 1\nfi\n";
			showEnvVarsInLog = 0;
		};
		92CC5ECC9BF04C07D41FB487 /* [CP] Embed Pods Frameworks */ = {
			isa = PBXShellScriptBuildPhase;
			buildActionMask = 2147483647;
			files = (
			);
			inputPaths = (
			);
			name = "[CP] Embed Pods Frameworks";
			outputPaths = (
			);
			runOnlyForDeploymentPostprocessing = 0;
			shellPath = /bin/sh;
			shellScript = "\"${SRCROOT}/Pods/Target Support Files/Pods-PhotoApp/Pods-PhotoApp-frameworks.sh\"\n";
			showEnvVarsInLog = 0;
		};
		97B44D03CEF87A4C08DC3767 /* [CP] Check Pods Manifest.lock */ = {
			isa = PBXShellScriptBuildPhase;
			buildActionMask = 2147483647;
			files = (
			);
			inputPaths = (
			);
			name = "[CP] Check Pods Manifest.lock";
			outputPaths = (
			);
			runOnlyForDeploymentPostprocessing = 0;
			shellPath = /bin/sh;
			shellScript = "diff \"${PODS_ROOT}/../Podfile.lock\" \"${PODS_ROOT}/Manifest.lock\" > /dev/null\nif [[ $? != 0 ]] ; then\n    cat << EOM\nerror: The sandbox is not in sync with the Podfile.lock. Run 'pod install' or update your CocoaPods installation.\nEOM\n    exit 1\nfi\n";
			showEnvVarsInLog = 0;
		};
		D28A0412CFEB3A510868A902 /* [CP] Copy Pods Resources */ = {
			isa = PBXShellScriptBuildPhase;
			buildActionMask = 2147483647;
			files = (
			);
			inputPaths = (
			);
			name = "[CP] Copy Pods Resources";
			outputPaths = (
			);
			runOnlyForDeploymentPostprocessing = 0;
			shellPath = /bin/sh;
			shellScript = "\"${SRCROOT}/Pods/Target Support Files/Pods-PhotoAppUITests/Pods-PhotoAppUITests-resources.sh\"\n";
			showEnvVarsInLog = 0;
		};
		E9C13B12433B97416787E57A /* [CP] Copy Pods Resources */ = {
			isa = PBXShellScriptBuildPhase;
			buildActionMask = 2147483647;
			files = (
			);
			inputPaths = (
			);
			name = "[CP] Copy Pods Resources";
			outputPaths = (
			);
			runOnlyForDeploymentPostprocessing = 0;
			shellPath = /bin/sh;
			shellScript = "\"${SRCROOT}/Pods/Target Support Files/Pods-PhotoAppTests/Pods-PhotoAppTests-resources.sh\"\n";
			showEnvVarsInLog = 0;
		};
		FEB273EFAABD0AC8A27A989D /* [CP] Embed Pods Frameworks */ = {
			isa = PBXShellScriptBuildPhase;
			buildActionMask = 2147483647;
			files = (
			);
			inputPaths = (
			);
			name = "[CP] Embed Pods Frameworks";
			outputPaths = (
			);
			runOnlyForDeploymentPostprocessing = 0;
			shellPath = /bin/sh;
			shellScript = "\"${SRCROOT}/Pods/Target Support Files/Pods-PhotoAppTests/Pods-PhotoAppTests-frameworks.sh\"\n";
			showEnvVarsInLog = 0;
		};
/* End PBXShellScriptBuildPhase section */

/* Begin PBXSourcesBuildPhase section */
		C840ABC51D4CD7470082CA44 /* Sources */ = {
			isa = PBXSourcesBuildPhase;
			buildActionMask = 2147483647;
			files = (
				C8B49BE11D59C3770054026E /* ASFSharedViewTransition.h in Sources */,
				C8B49BE01D59BD350054026E /* ASFSharedViewTransition.m in Sources */,
				C8B49BE21D59C38D0054026E /* AppDelegate.h in Sources */,
				C840ABD11D4CD7480082CA44 /* AppDelegate.m in Sources */,
				C8B49BCB1D551BCB0054026E /* DAO.m in Sources */,
				C8B49BCF1D5804180054026E /* Post.m in Sources */,
				C840ABD71D4CD7480082CA44 /* SecondViewController.m in Sources */,
				C840ABD41D4CD7480082CA44 /* FirstViewController.m in Sources */,
				C8B49BD21D58E1D10054026E /* ProductCell.m in Sources */,
				C8B49BD51D5920F10054026E /* PostDetailController.m in Sources */,
				C840ABCE1D4CD7480082CA44 /* main.m in Sources */,
			);
			runOnlyForDeploymentPostprocessing = 0;
		};
		C840ABE11D4CD7480082CA44 /* Sources */ = {
			isa = PBXSourcesBuildPhase;
			buildActionMask = 2147483647;
			files = (
				C840ABEA1D4CD7480082CA44 /* PhotoAppTests.m in Sources */,
			);
			runOnlyForDeploymentPostprocessing = 0;
		};
		C840ABEC1D4CD7480082CA44 /* Sources */ = {
			isa = PBXSourcesBuildPhase;
			buildActionMask = 2147483647;
			files = (
				C840ABF51D4CD7480082CA44 /* PhotoAppUITests.m in Sources */,
			);
			runOnlyForDeploymentPostprocessing = 0;
		};
/* End PBXSourcesBuildPhase section */

/* Begin PBXTargetDependency section */
		C840ABE71D4CD7480082CA44 /* PBXTargetDependency */ = {
			isa = PBXTargetDependency;
			target = C840ABC81D4CD7470082CA44 /* PhotoApp */;
			targetProxy = C840ABE61D4CD7480082CA44 /* PBXContainerItemProxy */;
		};
		C840ABF21D4CD7480082CA44 /* PBXTargetDependency */ = {
			isa = PBXTargetDependency;
			target = C840ABC81D4CD7470082CA44 /* PhotoApp */;
			targetProxy = C840ABF11D4CD7480082CA44 /* PBXContainerItemProxy */;
		};
/* End PBXTargetDependency section */

/* Begin PBXVariantGroup section */
		C840ABDD1D4CD7480082CA44 /* LaunchScreen.storyboard */ = {
			isa = PBXVariantGroup;
			children = (
				C840ABDE1D4CD7480082CA44 /* Base */,
			);
			name = LaunchScreen.storyboard;
			sourceTree = "<group>";
		};
		C8E2A7F41D5A804C00E71755 /* Main.storyboard */ = {
			isa = PBXVariantGroup;
			children = (
				C8E2A7F51D5A804C00E71755 /* Base */,
			);
			name = Main.storyboard;
			sourceTree = "<group>";
		};
/* End PBXVariantGroup section */

/* Begin XCBuildConfiguration section */
		C840ABF71D4CD7480082CA44 /* Debug */ = {
			isa = XCBuildConfiguration;
			buildSettings = {
				ALWAYS_SEARCH_USER_PATHS = NO;
				CLANG_ANALYZER_NONNULL = YES;
				CLANG_CXX_LANGUAGE_STANDARD = "gnu++0x";
				CLANG_CXX_LIBRARY = "libc++";
				CLANG_ENABLE_MODULES = YES;
				CLANG_ENABLE_OBJC_ARC = YES;
				CLANG_WARN_BOOL_CONVERSION = YES;
				CLANG_WARN_CONSTANT_CONVERSION = YES;
				CLANG_WARN_DIRECT_OBJC_ISA_USAGE = YES_ERROR;
				CLANG_WARN_EMPTY_BODY = YES;
				CLANG_WARN_ENUM_CONVERSION = YES;
				CLANG_WARN_INT_CONVERSION = YES;
				CLANG_WARN_OBJC_ROOT_CLASS = YES_ERROR;
				CLANG_WARN_UNREACHABLE_CODE = YES;
				CLANG_WARN__DUPLICATE_METHOD_MATCH = YES;
				"CODE_SIGN_IDENTITY[sdk=iphoneos*]" = "iPhone Developer";
				COPY_PHASE_STRIP = NO;
				DEBUG_INFORMATION_FORMAT = dwarf;
				ENABLE_STRICT_OBJC_MSGSEND = YES;
				ENABLE_TESTABILITY = YES;
				GCC_C_LANGUAGE_STANDARD = gnu99;
				GCC_DYNAMIC_NO_PIC = NO;
				GCC_NO_COMMON_BLOCKS = YES;
				GCC_OPTIMIZATION_LEVEL = 0;
				GCC_PREPROCESSOR_DEFINITIONS = (
					"DEBUG=1",
					"$(inherited)",
				);
				GCC_WARN_64_TO_32_BIT_CONVERSION = YES;
				GCC_WARN_ABOUT_RETURN_TYPE = YES_ERROR;
				GCC_WARN_UNDECLARED_SELECTOR = YES;
				GCC_WARN_UNINITIALIZED_AUTOS = YES_AGGRESSIVE;
				GCC_WARN_UNUSED_FUNCTION = YES;
				GCC_WARN_UNUSED_VARIABLE = YES;
				IPHONEOS_DEPLOYMENT_TARGET = 9.3;
				MTL_ENABLE_DEBUG_INFO = YES;
				ONLY_ACTIVE_ARCH = YES;
				SDKROOT = iphoneos;
			};
			name = Debug;
		};
		C840ABF81D4CD7480082CA44 /* Release */ = {
			isa = XCBuildConfiguration;
			buildSettings = {
				ALWAYS_SEARCH_USER_PATHS = NO;
				CLANG_ANALYZER_NONNULL = YES;
				CLANG_CXX_LANGUAGE_STANDARD = "gnu++0x";
				CLANG_CXX_LIBRARY = "libc++";
				CLANG_ENABLE_MODULES = YES;
				CLANG_ENABLE_OBJC_ARC = YES;
				CLANG_WARN_BOOL_CONVERSION = YES;
				CLANG_WARN_CONSTANT_CONVERSION = YES;
				CLANG_WARN_DIRECT_OBJC_ISA_USAGE = YES_ERROR;
				CLANG_WARN_EMPTY_BODY = YES;
				CLANG_WARN_ENUM_CONVERSION = YES;
				CLANG_WARN_INT_CONVERSION = YES;
				CLANG_WARN_OBJC_ROOT_CLASS = YES_ERROR;
				CLANG_WARN_UNREACHABLE_CODE = YES;
				CLANG_WARN__DUPLICATE_METHOD_MATCH = YES;
				"CODE_SIGN_IDENTITY[sdk=iphoneos*]" = "iPhone Developer";
				COPY_PHASE_STRIP = NO;
				DEBUG_INFORMATION_FORMAT = "dwarf-with-dsym";
				ENABLE_NS_ASSERTIONS = NO;
				ENABLE_STRICT_OBJC_MSGSEND = YES;
				GCC_C_LANGUAGE_STANDARD = gnu99;
				GCC_NO_COMMON_BLOCKS = YES;
				GCC_WARN_64_TO_32_BIT_CONVERSION = YES;
				GCC_WARN_ABOUT_RETURN_TYPE = YES_ERROR;
				GCC_WARN_UNDECLARED_SELECTOR = YES;
				GCC_WARN_UNINITIALIZED_AUTOS = YES_AGGRESSIVE;
				GCC_WARN_UNUSED_FUNCTION = YES;
				GCC_WARN_UNUSED_VARIABLE = YES;
				IPHONEOS_DEPLOYMENT_TARGET = 9.3;
				MTL_ENABLE_DEBUG_INFO = NO;
				SDKROOT = iphoneos;
				VALIDATE_PRODUCT = YES;
			};
			name = Release;
		};
		C840ABFA1D4CD7480082CA44 /* Debug */ = {
			isa = XCBuildConfiguration;
			baseConfigurationReference = 9B796CC03FA15F135F3CB53B /* Pods-PhotoApp.debug.xcconfig */;
			buildSettings = {
				ASSETCATALOG_COMPILER_APPICON_NAME = AppIcon;
				CODE_SIGN_IDENTITY = "iPhone Developer";
				"CODE_SIGN_IDENTITY[sdk=iphoneos*]" = "iPhone Developer";
				INFOPLIST_FILE = PhotoApp/Info.plist;
				LD_RUNPATH_SEARCH_PATHS = "$(inherited) @executable_path/Frameworks";
				PRODUCT_BUNDLE_IDENTIFIER = turntotech.io.PhotoApp;
				PRODUCT_NAME = "$(TARGET_NAME)";
				PROVISIONING_PROFILE = "";
			};
			name = Debug;
		};
		C840ABFB1D4CD7480082CA44 /* Release */ = {
			isa = XCBuildConfiguration;
			baseConfigurationReference = 2C896E790185C830FBC07896 /* Pods-PhotoApp.release.xcconfig */;
			buildSettings = {
				ASSETCATALOG_COMPILER_APPICON_NAME = AppIcon;
				CODE_SIGN_IDENTITY = "iPhone Developer";
				"CODE_SIGN_IDENTITY[sdk=iphoneos*]" = "iPhone Developer";
				INFOPLIST_FILE = PhotoApp/Info.plist;
				LD_RUNPATH_SEARCH_PATHS = "$(inherited) @executable_path/Frameworks";
				PRODUCT_BUNDLE_IDENTIFIER = turntotech.io.PhotoApp;
				PRODUCT_NAME = "$(TARGET_NAME)";
				PROVISIONING_PROFILE = "";
			};
			name = Release;
		};
		C840ABFD1D4CD7480082CA44 /* Debug */ = {
			isa = XCBuildConfiguration;
			baseConfigurationReference = CCE30E087127D49969284F5D /* Pods-PhotoAppTests.debug.xcconfig */;
			buildSettings = {
				BUNDLE_LOADER = "$(TEST_HOST)";
				INFOPLIST_FILE = PhotoAppTests/Info.plist;
				LD_RUNPATH_SEARCH_PATHS = "$(inherited) @executable_path/Frameworks @loader_path/Frameworks";
				PRODUCT_BUNDLE_IDENTIFIER = turntotech.io.PhotoAppTests;
				PRODUCT_NAME = "$(TARGET_NAME)";
				TEST_HOST = "$(BUILT_PRODUCTS_DIR)/PhotoApp.app/PhotoApp";
			};
			name = Debug;
		};
		C840ABFE1D4CD7480082CA44 /* Release */ = {
			isa = XCBuildConfiguration;
			baseConfigurationReference = A4CF98DA5A1BC6CCD5EAD0F0 /* Pods-PhotoAppTests.release.xcconfig */;
			buildSettings = {
				BUNDLE_LOADER = "$(TEST_HOST)";
				INFOPLIST_FILE = PhotoAppTests/Info.plist;
				LD_RUNPATH_SEARCH_PATHS = "$(inherited) @executable_path/Frameworks @loader_path/Frameworks";
				PRODUCT_BUNDLE_IDENTIFIER = turntotech.io.PhotoAppTests;
				PRODUCT_NAME = "$(TARGET_NAME)";
				TEST_HOST = "$(BUILT_PRODUCTS_DIR)/PhotoApp.app/PhotoApp";
			};
			name = Release;
		};
		C840AC001D4CD7480082CA44 /* Debug */ = {
			isa = XCBuildConfiguration;
			baseConfigurationReference = 23D4409646F64B14E25F4D30 /* Pods-PhotoAppUITests.debug.xcconfig */;
			buildSettings = {
				INFOPLIST_FILE = PhotoAppUITests/Info.plist;
				LD_RUNPATH_SEARCH_PATHS = "$(inherited) @executable_path/Frameworks @loader_path/Frameworks";
				PRODUCT_BUNDLE_IDENTIFIER = turntotech.io.PhotoAppUITests;
				PRODUCT_NAME = "$(TARGET_NAME)";
				TEST_TARGET_NAME = PhotoApp;
			};
			name = Debug;
		};
		C840AC011D4CD7480082CA44 /* Release */ = {
			isa = XCBuildConfiguration;
			baseConfigurationReference = 109E36F0F9F3B5FD318AAC03 /* Pods-PhotoAppUITests.release.xcconfig */;
			buildSettings = {
				INFOPLIST_FILE = PhotoAppUITests/Info.plist;
				LD_RUNPATH_SEARCH_PATHS = "$(inherited) @executable_path/Frameworks @loader_path/Frameworks";
				PRODUCT_BUNDLE_IDENTIFIER = turntotech.io.PhotoAppUITests;
				PRODUCT_NAME = "$(TARGET_NAME)";
				TEST_TARGET_NAME = PhotoApp;
			};
			name = Release;
		};
/* End XCBuildConfiguration section */

/* Begin XCConfigurationList section */
		C840ABC41D4CD7470082CA44 /* Build configuration list for PBXProject "PhotoApp" */ = {
			isa = XCConfigurationList;
			buildConfigurations = (
				C840ABF71D4CD7480082CA44 /* Debug */,
				C840ABF81D4CD7480082CA44 /* Release */,
			);
			defaultConfigurationIsVisible = 0;
			defaultConfigurationName = Release;
		};
		C840ABF91D4CD7480082CA44 /* Build configuration list for PBXNativeTarget "PhotoApp" */ = {
			isa = XCConfigurationList;
			buildConfigurations = (
				C840ABFA1D4CD7480082CA44 /* Debug */,
				C840ABFB1D4CD7480082CA44 /* Release */,
			);
			defaultConfigurationIsVisible = 0;
			defaultConfigurationName = Release;
		};
		C840ABFC1D4CD7480082CA44 /* Build configuration list for PBXNativeTarget "PhotoAppTests" */ = {
			isa = XCConfigurationList;
			buildConfigurations = (
				C840ABFD1D4CD7480082CA44 /* Debug */,
				C840ABFE1D4CD7480082CA44 /* Release */,
			);
			defaultConfigurationIsVisible = 0;
			defaultConfigurationName = Release;
		};
		C840ABFF1D4CD7480082CA44 /* Build configuration list for PBXNativeTarget "PhotoAppUITests" */ = {
			isa = XCConfigurationList;
			buildConfigurations = (
				C840AC001D4CD7480082CA44 /* Debug */,
				C840AC011D4CD7480082CA44 /* Release */,
			);
			defaultConfigurationIsVisible = 0;
			defaultConfigurationName = Release;
		};
/* End XCConfigurationList section */
	};
	rootObject = C840ABC11D4CD7470082CA44 /* Project object */;
}
